
Microsoft Visual Studio Solution File, Format Version 12.00
# Visual Studio Version 16
VisualStudioVersion = 16.0.29609.76
MinimumVisualStudioVersion = 10.0.40219.1
Project("{9092AA53-FB77-4645-B42D-1CCCA6BD08BD}") = "biavoo", "biavoo.njsproj", "{F9BEE5FF-09FF-439E-9D67-D3426BD5FC5B}"
EndProject
Global
	GlobalSection(SolutionConfigurationPlatforms) = preSolution
		Debug|Any CPU = Debug|Any CPU
		Release|Any CPU = Release|Any CPU
	EndGlobalSection
	GlobalSection(ProjectConfigurationPlatforms) = postSolution
		{F9BEE5FF-09FF-439E-9D67-D3426BD5FC5B}.Debug|Any CPU.ActiveCfg = Debug|Any CPU
		{F9BEE5FF-09FF-439E-9D67-D3426BD5FC5B}.Debug|Any CPU.Build.0 = Debug|Any CPU
		{F9BEE5FF-09FF-439E-9D67-D3426BD5FC5B}.Release|Any CPU.ActiveCfg = Release|Any CPU
		{F9BEE5FF-09FF-439E-9D67-D3426BD5FC5B}.Release|Any CPU.Build.0 = Release|Any CPU
	EndGlobalSection
	GlobalSection(SolutionProperties) = preSolution
		HideSolutionNode = FALSE
	EndGlobalSection
	GlobalSection(ExtensibilityGlobals) = postSolution
		SolutionGuid = {97AE1ADA-70D5-43A3-89D7-7E4204B52F6F}
	EndGlobalSection
EndGlobal
